
Microsoft Visual Studio Solution File, Format Version 12.00
# Visual Studio Version 17
VisualStudioVersion = 17.3.32901.215
MinimumVisualStudioVersion = 10.0.40219.1
Project("{9A19103F-16F7-4668-BE54-9A1E7A4F7556}") = "Tryitter", "Tryitter.csproj", "{73F976B0-6A50-4E5B-9801-8EA06EE142D8}"
EndProject
Project("{9A19103F-16F7-4668-BE54-9A1E7A4F7556}") = "Tryitter.Test", "..\TestProject1\Tryitter.Test.csproj", "{8040A95E-FADD-400D-B791-8BBE9D69EF75}"
EndProject
Global
	GlobalSection(SolutionConfigurationPlatforms) = preSolution
		Debug|Any CPU = Debug|Any CPU
		Release|Any CPU = Release|Any CPU
	EndGlobalSection
	GlobalSection(ProjectConfigurationPlatforms) = postSolution
		{73F976B0-6A50-4E5B-9801-8EA06EE142D8}.Debug|Any CPU.ActiveCfg = Debug|Any CPU
		{73F976B0-6A50-4E5B-9801-8EA06EE142D8}.Debug|Any CPU.Build.0 = Debug|Any CPU
		{73F976B0-6A50-4E5B-9801-8EA06EE142D8}.Release|Any CPU.ActiveCfg = Release|Any CPU
		{73F976B0-6A50-4E5B-9801-8EA06EE142D8}.Release|Any CPU.Build.0 = Release|Any CPU
		{8040A95E-FADD-400D-B791-8BBE9D69EF75}.Debug|Any CPU.ActiveCfg = Debug|Any CPU
		{8040A95E-FADD-400D-B791-8BBE9D69EF75}.Debug|Any CPU.Build.0 = Debug|Any CPU
		{8040A95E-FADD-400D-B791-8BBE9D69EF75}.Release|Any CPU.ActiveCfg = Release|Any CPU
		{8040A95E-FADD-400D-B791-8BBE9D69EF75}.Release|Any CPU.Build.0 = Release|Any CPU
	EndGlobalSection
	GlobalSection(SolutionProperties) = preSolution
		HideSolutionNode = FALSE
	EndGlobalSection
	GlobalSection(ExtensibilityGlobals) = postSolution
		SolutionGuid = {9EE7FF15-F54A-4553-BC7D-5D119442F050}
	EndGlobalSection
EndGlobal
